
Microsoft Visual Studio Solution File, Format Version 12.00
#
Project("{FAE04EC0-301F-11D3-BF4B-00C04F79EFBC}") = "Hoodie.Tests", "Hoodie.Tests\Hoodie.Tests.csproj", "{5A419ADB-C0F5-4926-9FC9-006A442796F5}"
EndProject
Project("{FAE04EC0-301F-11D3-BF4B-00C04F79EFBC}") = "Hoodie", "Hoodie\Hoodie.csproj", "{F4FB34B6-37AD-4760-A002-63709B9C5F84}"
EndProject
Project("{FAE04EC0-301F-11D3-BF4B-00C04F79EFBC}") = "Hoodie.GroupMaps", "Hoodie.GroupMaps\Hoodie.GroupMaps.csproj", "{7A25EDFE-1AE1-4D23-A5AA-3754CB88247E}"
EndProject
Project("{FAE04EC0-301F-11D3-BF4B-00C04F79EFBC}") = "Hoodie.GroupMaps.Tests", "Hoodie.GroupMaps.Tests\Hoodie.GroupMaps.Tests.csproj", "{845A3BF2-583A-45F8-A704-7A5F505BC5D0}"
EndProject
Project("{FAE04EC0-301F-11D3-BF4B-00C04F79EFBC}") = "Hoodie.Groups.Tests", "Hoodie.Groups.Tests\Hoodie.Groups.Tests.csproj", "{AD60BCDF-03E1-4956-A69A-68E6952FC5CB}"
EndProject
Project("{FAE04EC0-301F-11D3-BF4B-00C04F79EFBC}") = "Kraka", "Kraka\Kraka.csproj", "{074900DE-687B-4423-962D-AC34C314E04F}"
EndProject
Project("{FAE04EC0-301F-11D3-BF4B-00C04F79EFBC}") = "Varna", "Varna\Varna.csproj", "{97285B12-7C10-459A-9F5B-B466699B7A84}"
EndProject
Global
	GlobalSection(SolutionConfigurationPlatforms) = preSolution
		Debug|Any CPU = Debug|Any CPU
		Release|Any CPU = Release|Any CPU
	EndGlobalSection
	GlobalSection(ProjectConfigurationPlatforms) = postSolution
		{5A419ADB-C0F5-4926-9FC9-006A442796F5}.Debug|Any CPU.ActiveCfg = Debug|Any CPU
		{5A419ADB-C0F5-4926-9FC9-006A442796F5}.Debug|Any CPU.Build.0 = Debug|Any CPU
		{5A419ADB-C0F5-4926-9FC9-006A442796F5}.Release|Any CPU.ActiveCfg = Release|Any CPU
		{5A419ADB-C0F5-4926-9FC9-006A442796F5}.Release|Any CPU.Build.0 = Release|Any CPU
		{F4FB34B6-37AD-4760-A002-63709B9C5F84}.Debug|Any CPU.ActiveCfg = Debug|Any CPU
		{F4FB34B6-37AD-4760-A002-63709B9C5F84}.Debug|Any CPU.Build.0 = Debug|Any CPU
		{F4FB34B6-37AD-4760-A002-63709B9C5F84}.Release|Any CPU.ActiveCfg = Release|Any CPU
		{F4FB34B6-37AD-4760-A002-63709B9C5F84}.Release|Any CPU.Build.0 = Release|Any CPU
		{7A25EDFE-1AE1-4D23-A5AA-3754CB88247E}.Debug|Any CPU.ActiveCfg = Debug|Any CPU
		{7A25EDFE-1AE1-4D23-A5AA-3754CB88247E}.Debug|Any CPU.Build.0 = Debug|Any CPU
		{7A25EDFE-1AE1-4D23-A5AA-3754CB88247E}.Release|Any CPU.ActiveCfg = Release|Any CPU
		{7A25EDFE-1AE1-4D23-A5AA-3754CB88247E}.Release|Any CPU.Build.0 = Release|Any CPU
		{845A3BF2-583A-45F8-A704-7A5F505BC5D0}.Debug|Any CPU.ActiveCfg = Debug|Any CPU
		{845A3BF2-583A-45F8-A704-7A5F505BC5D0}.Debug|Any CPU.Build.0 = Debug|Any CPU
		{845A3BF2-583A-45F8-A704-7A5F505BC5D0}.Release|Any CPU.ActiveCfg = Release|Any CPU
		{845A3BF2-583A-45F8-A704-7A5F505BC5D0}.Release|Any CPU.Build.0 = Release|Any CPU
		{AD60BCDF-03E1-4956-A69A-68E6952FC5CB}.Debug|Any CPU.ActiveCfg = Debug|Any CPU
		{AD60BCDF-03E1-4956-A69A-68E6952FC5CB}.Debug|Any CPU.Build.0 = Debug|Any CPU
		{AD60BCDF-03E1-4956-A69A-68E6952FC5CB}.Release|Any CPU.ActiveCfg = Release|Any CPU
		{AD60BCDF-03E1-4956-A69A-68E6952FC5CB}.Release|Any CPU.Build.0 = Release|Any CPU
		{074900DE-687B-4423-962D-AC34C314E04F}.Debug|Any CPU.ActiveCfg = Debug|Any CPU
		{074900DE-687B-4423-962D-AC34C314E04F}.Debug|Any CPU.Build.0 = Debug|Any CPU
		{074900DE-687B-4423-962D-AC34C314E04F}.Release|Any CPU.ActiveCfg = Release|Any CPU
		{074900DE-687B-4423-962D-AC34C314E04F}.Release|Any CPU.Build.0 = Release|Any CPU
		{97285B12-7C10-459A-9F5B-B466699B7A84}.Debug|Any CPU.ActiveCfg = Debug|Any CPU
		{97285B12-7C10-459A-9F5B-B466699B7A84}.Debug|Any CPU.Build.0 = Debug|Any CPU
		{97285B12-7C10-459A-9F5B-B466699B7A84}.Release|Any CPU.ActiveCfg = Release|Any CPU
		{97285B12-7C10-459A-9F5B-B466699B7A84}.Release|Any CPU.Build.0 = Release|Any CPU
	EndGlobalSection
EndGlobal
