
Microsoft Visual Studio Solution File, Format Version 12.00
Project("{FAE04EC0-301F-11D3-BF4B-00C04F79EFBC}") = "probs", "probs.csproj", "{59FCC711-E581-4991-8D93-3E1535BA3362}"
EndProject
Project("{FAE04EC0-301F-11D3-BF4B-00C04F79EFBC}") = "Constraints.Tests", "Constraints.Tests\Constraints.Tests.csproj", "{67B9F7DE-E8C5-4C1C-8656-C783404430AB}"
EndProject
Project("{FAE04EC0-301F-11D3-BF4B-00C04F79EFBC}") = "Constraints", "Constraints\Constraints.csproj", "{264950EE-E1B2-4A2F-A872-446303141A25}"
EndProject
Project("{FAE04EC0-301F-11D3-BF4B-00C04F79EFBC}") = "Graff.Test", "Graff.Test\Graff.Test.csproj", "{5A419ADB-C0F5-4926-9FC9-006A442796F5}"
EndProject
Global
	GlobalSection(SolutionConfigurationPlatforms) = preSolution
		Debug|Any CPU = Debug|Any CPU
		Release|Any CPU = Release|Any CPU
	EndGlobalSection
	GlobalSection(ProjectConfigurationPlatforms) = postSolution
		{59FCC711-E581-4991-8D93-3E1535BA3362}.Debug|Any CPU.ActiveCfg = Debug|Any CPU
		{59FCC711-E581-4991-8D93-3E1535BA3362}.Debug|Any CPU.Build.0 = Debug|Any CPU
		{59FCC711-E581-4991-8D93-3E1535BA3362}.Release|Any CPU.ActiveCfg = Release|Any CPU
		{59FCC711-E581-4991-8D93-3E1535BA3362}.Release|Any CPU.Build.0 = Release|Any CPU
		{67B9F7DE-E8C5-4C1C-8656-C783404430AB}.Debug|Any CPU.ActiveCfg = Debug|Any CPU
		{67B9F7DE-E8C5-4C1C-8656-C783404430AB}.Debug|Any CPU.Build.0 = Debug|Any CPU
		{67B9F7DE-E8C5-4C1C-8656-C783404430AB}.Release|Any CPU.ActiveCfg = Release|Any CPU
		{67B9F7DE-E8C5-4C1C-8656-C783404430AB}.Release|Any CPU.Build.0 = Release|Any CPU
		{264950EE-E1B2-4A2F-A872-446303141A25}.Debug|Any CPU.ActiveCfg = Debug|Any CPU
		{264950EE-E1B2-4A2F-A872-446303141A25}.Debug|Any CPU.Build.0 = Debug|Any CPU
		{264950EE-E1B2-4A2F-A872-446303141A25}.Release|Any CPU.ActiveCfg = Release|Any CPU
		{264950EE-E1B2-4A2F-A872-446303141A25}.Release|Any CPU.Build.0 = Release|Any CPU
		{5A419ADB-C0F5-4926-9FC9-006A442796F5}.Debug|Any CPU.ActiveCfg = Debug|Any CPU
		{5A419ADB-C0F5-4926-9FC9-006A442796F5}.Debug|Any CPU.Build.0 = Debug|Any CPU
		{5A419ADB-C0F5-4926-9FC9-006A442796F5}.Release|Any CPU.ActiveCfg = Release|Any CPU
		{5A419ADB-C0F5-4926-9FC9-006A442796F5}.Release|Any CPU.Build.0 = Release|Any CPU
	EndGlobalSection
EndGlobal
